
Microsoft Visual Studio Solution File, Format Version 12.00
# Visual Studio Version 17
VisualStudioVersion = 17.11.35222.181
MinimumVisualStudioVersion = 10.0.40219.1
Project("{FAE04EC0-301F-11D3-BF4B-00C04F79EFBC}") = "PeliculasAPI", "PeliculasAPI\PeliculasAPI.csproj", "{D7D20C21-C38E-404D-89CB-D9410582598E}"
EndProject
Global
	GlobalSection(SolutionConfigurationPlatforms) = preSolution
		Debug|Any CPU = Debug|Any CPU
		Release|Any CPU = Release|Any CPU
	EndGlobalSection
	GlobalSection(ProjectConfigurationPlatforms) = postSolution
		{D7D20C21-C38E-404D-89CB-D9410582598E}.Debug|Any CPU.ActiveCfg = Debug|Any CPU
		{D7D20C21-C38E-404D-89CB-D9410582598E}.Debug|Any CPU.Build.0 = Debug|Any CPU
		{D7D20C21-C38E-404D-89CB-D9410582598E}.Release|Any CPU.ActiveCfg = Release|Any CPU
		{D7D20C21-C38E-404D-89CB-D9410582598E}.Release|Any CPU.Build.0 = Release|Any CPU
	EndGlobalSection
	GlobalSection(SolutionProperties) = preSolution
		HideSolutionNode = FALSE
	EndGlobalSection
	GlobalSection(ExtensibilityGlobals) = postSolution
		SolutionGuid = {D82062ED-65A4-46AD-8C92-C9B77A0A9E8B}
	EndGlobalSection
EndGlobal
